
Microsoft Visual Studio Solution File, Format Version 12.00
# Visual Studio Version 16
VisualStudioVersion = 16.0.30711.63
MinimumVisualStudioVersion = 10.0.40219.1
Project("{9A19103F-16F7-4668-BE54-9A1E7A4F7556}") = "Day1", "Day1\Day1.csproj", "{72B7CE54-33B9-460A-BCB1-03EBF55D2238}"
EndProject
Project("{2150E333-8FDC-42A3-9474-1A3956D46DE8}") = "Solution Items", "Solution Items", "{26C5FD21-68DC-43F0-8EF6-24F510077012}"
EndProject
Project("{9A19103F-16F7-4668-BE54-9A1E7A4F7556}") = "Day2", "Day2\Day2.csproj", "{713FEB0C-7EF3-433B-AA4A-4E341E1F859A}"
EndProject
Project("{FAE04EC0-301F-11D3-BF4B-00C04F79EFBC}") = "Day3", "Day3\Day3.csproj", "{2736DCF9-FFB2-4D26-B979-53573EAEEAA0}"
EndProject
Project("{FAE04EC0-301F-11D3-BF4B-00C04F79EFBC}") = "Day4", "Day4\Day4.csproj", "{D5334E8C-21FF-48DB-AF1D-518AB4410EC0}"
EndProject
Global
	GlobalSection(SolutionConfigurationPlatforms) = preSolution
		Debug|Any CPU = Debug|Any CPU
		Release|Any CPU = Release|Any CPU
	EndGlobalSection
	GlobalSection(ProjectConfigurationPlatforms) = postSolution
		{72B7CE54-33B9-460A-BCB1-03EBF55D2238}.Debug|Any CPU.ActiveCfg = Debug|Any CPU
		{72B7CE54-33B9-460A-BCB1-03EBF55D2238}.Debug|Any CPU.Build.0 = Debug|Any CPU
		{72B7CE54-33B9-460A-BCB1-03EBF55D2238}.Release|Any CPU.ActiveCfg = Release|Any CPU
		{72B7CE54-33B9-460A-BCB1-03EBF55D2238}.Release|Any CPU.Build.0 = Release|Any CPU
		{713FEB0C-7EF3-433B-AA4A-4E341E1F859A}.Debug|Any CPU.ActiveCfg = Debug|Any CPU
		{713FEB0C-7EF3-433B-AA4A-4E341E1F859A}.Debug|Any CPU.Build.0 = Debug|Any CPU
		{713FEB0C-7EF3-433B-AA4A-4E341E1F859A}.Release|Any CPU.ActiveCfg = Release|Any CPU
		{713FEB0C-7EF3-433B-AA4A-4E341E1F859A}.Release|Any CPU.Build.0 = Release|Any CPU
		{2736DCF9-FFB2-4D26-B979-53573EAEEAA0}.Debug|Any CPU.ActiveCfg = Debug|Any CPU
		{2736DCF9-FFB2-4D26-B979-53573EAEEAA0}.Debug|Any CPU.Build.0 = Debug|Any CPU
		{2736DCF9-FFB2-4D26-B979-53573EAEEAA0}.Release|Any CPU.ActiveCfg = Release|Any CPU
		{2736DCF9-FFB2-4D26-B979-53573EAEEAA0}.Release|Any CPU.Build.0 = Release|Any CPU
		{D5334E8C-21FF-48DB-AF1D-518AB4410EC0}.Debug|Any CPU.ActiveCfg = Debug|Any CPU
		{D5334E8C-21FF-48DB-AF1D-518AB4410EC0}.Debug|Any CPU.Build.0 = Debug|Any CPU
		{D5334E8C-21FF-48DB-AF1D-518AB4410EC0}.Release|Any CPU.ActiveCfg = Release|Any CPU
		{D5334E8C-21FF-48DB-AF1D-518AB4410EC0}.Release|Any CPU.Build.0 = Release|Any CPU
	EndGlobalSection
	GlobalSection(SolutionProperties) = preSolution
		HideSolutionNode = FALSE
	EndGlobalSection
	GlobalSection(ExtensibilityGlobals) = postSolution
		SolutionGuid = {0801099E-8FFE-4F9A-943B-1FB0E057A0C8}
	EndGlobalSection
EndGlobal
