
Microsoft Visual Studio Solution File, Format Version 12.00
# Visual Studio Version 16
VisualStudioVersion = 16.0.30711.63
MinimumVisualStudioVersion = 10.0.40219.1
Project("{9A19103F-16F7-4668-BE54-9A1E7A4F7556}") = "Day2", "ConsoleApp1\Day2.csproj", "{0BF1666D-0787-480B-81D8-4A5B59563A35}"
EndProject
Project("{FAE04EC0-301F-11D3-BF4B-00C04F79EFBC}") = "Day1", "Day1\Day1.csproj", "{72B7CE54-33B9-460A-BCB1-03EBF55D2238}"
EndProject
Global
	GlobalSection(SolutionConfigurationPlatforms) = preSolution
		Debug|Any CPU = Debug|Any CPU
		Release|Any CPU = Release|Any CPU
	EndGlobalSection
	GlobalSection(ProjectConfigurationPlatforms) = postSolution
		{0BF1666D-0787-480B-81D8-4A5B59563A35}.Debug|Any CPU.ActiveCfg = Debug|Any CPU
		{0BF1666D-0787-480B-81D8-4A5B59563A35}.Debug|Any CPU.Build.0 = Debug|Any CPU
		{0BF1666D-0787-480B-81D8-4A5B59563A35}.Release|Any CPU.ActiveCfg = Release|Any CPU
		{0BF1666D-0787-480B-81D8-4A5B59563A35}.Release|Any CPU.Build.0 = Release|Any CPU
		{72B7CE54-33B9-460A-BCB1-03EBF55D2238}.Debug|Any CPU.ActiveCfg = Debug|Any CPU
		{72B7CE54-33B9-460A-BCB1-03EBF55D2238}.Debug|Any CPU.Build.0 = Debug|Any CPU
		{72B7CE54-33B9-460A-BCB1-03EBF55D2238}.Release|Any CPU.ActiveCfg = Release|Any CPU
		{72B7CE54-33B9-460A-BCB1-03EBF55D2238}.Release|Any CPU.Build.0 = Release|Any CPU
	EndGlobalSection
	GlobalSection(SolutionProperties) = preSolution
		HideSolutionNode = FALSE
	EndGlobalSection
	GlobalSection(ExtensibilityGlobals) = postSolution
		SolutionGuid = {0801099E-8FFE-4F9A-943B-1FB0E057A0C8}
	EndGlobalSection
EndGlobal
